
Microsoft Visual Studio Solution File, Format Version 12.00
# Visual Studio Version 16
VisualStudioVersion = 16.0.29911.84
MinimumVisualStudioVersion = 10.0.40219.1
Project("{8BC9CEB8-8B4A-11D0-8D11-00A0C91BC942}") = "MonteCarloModofication", "MonteCarloModofication\MonteCarloModofication.vcxproj", "{65888C3D-83F6-40E6-A757-4C7A98F5153F}"
EndProject
Global
	GlobalSection(SolutionConfigurationPlatforms) = preSolution
		Debug|x64 = Debug|x64
		Debug|x86 = Debug|x86
		Release|x64 = Release|x64
		Release|x86 = Release|x86
	EndGlobalSection
	GlobalSection(ProjectConfigurationPlatforms) = postSolution
		{65888C3D-83F6-40E6-A757-4C7A98F5153F}.Debug|x64.ActiveCfg = Debug|x64
		{65888C3D-83F6-40E6-A757-4C7A98F5153F}.Debug|x64.Build.0 = Debug|x64
		{65888C3D-83F6-40E6-A757-4C7A98F5153F}.Debug|x86.ActiveCfg = Debug|Win32
		{65888C3D-83F6-40E6-A757-4C7A98F5153F}.Debug|x86.Build.0 = Debug|Win32
		{65888C3D-83F6-40E6-A757-4C7A98F5153F}.Release|x64.ActiveCfg = Release|x64
		{65888C3D-83F6-40E6-A757-4C7A98F5153F}.Release|x64.Build.0 = Release|x64
		{65888C3D-83F6-40E6-A757-4C7A98F5153F}.Release|x86.ActiveCfg = Release|Win32
		{65888C3D-83F6-40E6-A757-4C7A98F5153F}.Release|x86.Build.0 = Release|Win32
	EndGlobalSection
	GlobalSection(SolutionProperties) = preSolution
		HideSolutionNode = FALSE
	EndGlobalSection
	GlobalSection(ExtensibilityGlobals) = postSolution
		SolutionGuid = {E2C7A797-CCC0-4C8F-94C1-98F1B4A41BEB}
	EndGlobalSection
EndGlobal
